// !$*UTF8*$!
{
	archiveVersion = 1;
	classes = {
	};
	objectVersion = 56;
	objects = {

/* Begin PBXBuildFile section */
		8B818B1C2C266C480074F582 /* FirebaseAppCheck in Frameworks */ = {isa = PBXBuildFile; productRef = 8B818B1B2C266C480074F582 /* FirebaseAppCheck */; };
		8B818B1E2C2674660074F582 /* AuthService.swift in Sources */ = {isa = PBXBuildFile; fileRef = 8B818B1D2C2674660074F582 /* AuthService.swift */; };
		8B818B202C2675820074F582 /* LoginViewModel.swift in Sources */ = {isa = PBXBuildFile; fileRef = 8B818B1F2C2675820074F582 /* LoginViewModel.swift */; };
		8B818B222C2677400074F582 /* RegistrationViewModel.swift in Sources */ = {isa = PBXBuildFile; fileRef = 8B818B212C2677400074F582 /* RegistrationViewModel.swift */; };
		8B818B242C2686E70074F582 /* FirebaseAuth in Frameworks */ = {isa = PBXBuildFile; productRef = 8B818B232C2686E70074F582 /* FirebaseAuth */; };
		8B818B262C2686FC0074F582 /* FirebaseStorage in Frameworks */ = {isa = PBXBuildFile; productRef = 8B818B252C2686FC0074F582 /* FirebaseStorage */; };
		8B818B282C2687080074F582 /* FirebaseDatabase in Frameworks */ = {isa = PBXBuildFile; productRef = 8B818B272C2687080074F582 /* FirebaseDatabase */; };
		8B818B2A2C2687080074F582 /* FirebaseDatabaseSwift in Frameworks */ = {isa = PBXBuildFile; productRef = 8B818B292C2687080074F582 /* FirebaseDatabaseSwift */; };
		8B818B2C2C26871A0074F582 /* FirebaseFirestore in Frameworks */ = {isa = PBXBuildFile; productRef = 8B818B2B2C26871A0074F582 /* FirebaseFirestore */; };
		8B818B2E2C26871A0074F582 /* FirebaseFirestoreSwift in Frameworks */ = {isa = PBXBuildFile; productRef = 8B818B2D2C26871A0074F582 /* FirebaseFirestoreSwift */; };
		8B818B302C268E560074F582 /* ContentViewModel.swift in Sources */ = {isa = PBXBuildFile; fileRef = 8B818B2F2C268E560074F582 /* ContentViewModel.swift */; };
		8B818B322C2B28930074F582 /* User.swift in Sources */ = {isa = PBXBuildFile; fileRef = 8B818B312C2B28930074F582 /* User.swift */; };
		8B818B342C2B2AF80074F582 /* UserService.swift in Sources */ = {isa = PBXBuildFile; fileRef = 8B818B332C2B2AF80074F582 /* UserService.swift */; };
		8B818B362C2BC74B0074F582 /* PreviewProvider.swift in Sources */ = {isa = PBXBuildFile; fileRef = 8B818B352C2BC74B0074F582 /* PreviewProvider.swift */; };
		8B818B3A2C2BCD480074F582 /* ExploreViewModel.swift in Sources */ = {isa = PBXBuildFile; fileRef = 8B818B392C2BCD480074F582 /* ExploreViewModel.swift */; };
		8B818B3C2C2C86210074F582 /* UserProfileView.swift in Sources */ = {isa = PBXBuildFile; fileRef = 8B818B3B2C2C86210074F582 /* UserProfileView.swift */; };
		8BA10F6F2C24A52D00D52B52 /* TiktokGuideZacApp.swift in Sources */ = {isa = PBXBuildFile; fileRef = 8BA10F6E2C24A52D00D52B52 /* TiktokGuideZacApp.swift */; };
		8BA10F712C24A52D00D52B52 /* ContentView.swift in Sources */ = {isa = PBXBuildFile; fileRef = 8BA10F702C24A52D00D52B52 /* ContentView.swift */; };
		8BA10F732C24A52E00D52B52 /* Assets.xcassets in Resources */ = {isa = PBXBuildFile; fileRef = 8BA10F722C24A52E00D52B52 /* Assets.xcassets */; };
		8BA10F762C24A52E00D52B52 /* Preview Assets.xcassets in Resources */ = {isa = PBXBuildFile; fileRef = 8BA10F752C24A52E00D52B52 /* Preview Assets.xcassets */; };
		8BA10F8D2C24F3B400D52B52 /* MainTabView.swift in Sources */ = {isa = PBXBuildFile; fileRef = 8BA10F8C2C24F3B400D52B52 /* MainTabView.swift */; };
		8BA10F8F2C24FCB700D52B52 /* FeedView.swift in Sources */ = {isa = PBXBuildFile; fileRef = 8BA10F8E2C24FCB700D52B52 /* FeedView.swift */; };
		8BA10F912C2504E500D52B52 /* FeedCell.swift in Sources */ = {isa = PBXBuildFile; fileRef = 8BA10F902C2504E500D52B52 /* FeedCell.swift */; };
		8BA10F932C251E3500D52B52 /* ExploreView.swift in Sources */ = {isa = PBXBuildFile; fileRef = 8BA10F922C251E3500D52B52 /* ExploreView.swift */; };
		8BA10F952C251FD500D52B52 /* UserCell.swift in Sources */ = {isa = PBXBuildFile; fileRef = 8BA10F942C251FD500D52B52 /* UserCell.swift */; };
		8BA10F972C2523A100D52B52 /* NotificationsView.swift in Sources */ = {isa = PBXBuildFile; fileRef = 8BA10F962C2523A100D52B52 /* NotificationsView.swift */; };
		8BA10F992C2523AC00D52B52 /* NotificationsCell.swift in Sources */ = {isa = PBXBuildFile; fileRef = 8BA10F982C2523AC00D52B52 /* NotificationsCell.swift */; };
		8BA10F9B2C252CD700D52B52 /* PostGridView.swift in Sources */ = {isa = PBXBuildFile; fileRef = 8BA10F9A2C252CD700D52B52 /* PostGridView.swift */; };
		8BA10F9D2C252CF200D52B52 /* CurrentUserProfileView.swift in Sources */ = {isa = PBXBuildFile; fileRef = 8BA10F9C2C252CF200D52B52 /* CurrentUserProfileView.swift */; };
		8BA10F9F2C252D5A00D52B52 /* ProfileHeaderView.swift in Sources */ = {isa = PBXBuildFile; fileRef = 8BA10F9E2C252D5A00D52B52 /* ProfileHeaderView.swift */; };
		8BA10FA32C25425000D52B52 /* UserStatView.swift in Sources */ = {isa = PBXBuildFile; fileRef = 8BA10FA22C25425000D52B52 /* UserStatView.swift */; };
		8BA10FA52C25DF1400D52B52 /* Post.swift in Sources */ = {isa = PBXBuildFile; fileRef = 8BA10FA42C25DF1400D52B52 /* Post.swift */; };
		8BA10FAA2C25E5B100D52B52 /* FeedViewModel.swift in Sources */ = {isa = PBXBuildFile; fileRef = 8BA10FA92C25E5B100D52B52 /* FeedViewModel.swift */; };
		8BA10FAE2C260E0500D52B52 /* CustomVideoPlayer.swift in Sources */ = {isa = PBXBuildFile; fileRef = 8BA10FAD2C260E0500D52B52 /* CustomVideoPlayer.swift */; };
		8BA10FB52C263A5600D52B52 /* LogView.swift in Sources */ = {isa = PBXBuildFile; fileRef = 8BA10FB42C263A5600D52B52 /* LogView.swift */; };
		8BA10FB72C263A6A00D52B52 /* RegistrationView.swift in Sources */ = {isa = PBXBuildFile; fileRef = 8BA10FB62C263A6A00D52B52 /* RegistrationView.swift */; };
		8BA10FB92C263DDE00D52B52 /* StandardTextFieldModifier.swift in Sources */ = {isa = PBXBuildFile; fileRef = 8BA10FB82C263DDE00D52B52 /* StandardTextFieldModifier.swift */; };
		8BA10FBB2C264E2300D52B52 /* AuthenticationFormProtocol.swift in Sources */ = {isa = PBXBuildFile; fileRef = 8BA10FBA2C264E2300D52B52 /* AuthenticationFormProtocol.swift */; };
		8BA10FBD2C26577100D52B52 /* GoogleService-Info.plist in Resources */ = {isa = PBXBuildFile; fileRef = 8BA10FBC2C26577100D52B52 /* GoogleService-Info.plist */; };
/* End PBXBuildFile section */

/* Begin PBXFileReference section */
		8B818B1D2C2674660074F582 /* AuthService.swift */ = {isa = PBXFileReference; lastKnownFileType = sourcecode.swift; path = AuthService.swift; sourceTree = "<group>"; };
		8B818B1F2C2675820074F582 /* LoginViewModel.swift */ = {isa = PBXFileReference; lastKnownFileType = sourcecode.swift; path = LoginViewModel.swift; sourceTree = "<group>"; };
		8B818B212C2677400074F582 /* RegistrationViewModel.swift */ = {isa = PBXFileReference; lastKnownFileType = sourcecode.swift; path = RegistrationViewModel.swift; sourceTree = "<group>"; };
		8B818B2F2C268E560074F582 /* ContentViewModel.swift */ = {isa = PBXFileReference; lastKnownFileType = sourcecode.swift; path = ContentViewModel.swift; sourceTree = "<group>"; };
		8B818B312C2B28930074F582 /* User.swift */ = {isa = PBXFileReference; lastKnownFileType = sourcecode.swift; path = User.swift; sourceTree = "<group>"; };
		8B818B332C2B2AF80074F582 /* UserService.swift */ = {isa = PBXFileReference; lastKnownFileType = sourcecode.swift; path = UserService.swift; sourceTree = "<group>"; };
		8B818B352C2BC74B0074F582 /* PreviewProvider.swift */ = {isa = PBXFileReference; lastKnownFileType = sourcecode.swift; path = PreviewProvider.swift; sourceTree = "<group>"; };
		8B818B392C2BCD480074F582 /* ExploreViewModel.swift */ = {isa = PBXFileReference; lastKnownFileType = sourcecode.swift; path = ExploreViewModel.swift; sourceTree = "<group>"; };
		8B818B3B2C2C86210074F582 /* UserProfileView.swift */ = {isa = PBXFileReference; lastKnownFileType = sourcecode.swift; path = UserProfileView.swift; sourceTree = "<group>"; };
		8BA10F6B2C24A52D00D52B52 /* TiktokGuideZac.app */ = {isa = PBXFileReference; explicitFileType = wrapper.application; includeInIndex = 0; path = TiktokGuideZac.app; sourceTree = BUILT_PRODUCTS_DIR; };
		8BA10F6E2C24A52D00D52B52 /* TiktokGuideZacApp.swift */ = {isa = PBXFileReference; lastKnownFileType = sourcecode.swift; path = TiktokGuideZacApp.swift; sourceTree = "<group>"; };
		8BA10F702C24A52D00D52B52 /* ContentView.swift */ = {isa = PBXFileReference; lastKnownFileType = sourcecode.swift; path = ContentView.swift; sourceTree = "<group>"; };
		8BA10F722C24A52E00D52B52 /* Assets.xcassets */ = {isa = PBXFileReference; lastKnownFileType = folder.assetcatalog; path = Assets.xcassets; sourceTree = "<group>"; };
		8BA10F752C24A52E00D52B52 /* Preview Assets.xcassets */ = {isa = PBXFileReference; lastKnownFileType = folder.assetcatalog; path = "Preview Assets.xcassets"; sourceTree = "<group>"; };
		8BA10F8C2C24F3B400D52B52 /* MainTabView.swift */ = {isa = PBXFileReference; lastKnownFileType = sourcecode.swift; path = MainTabView.swift; sourceTree = "<group>"; };
		8BA10F8E2C24FCB700D52B52 /* FeedView.swift */ = {isa = PBXFileReference; lastKnownFileType = sourcecode.swift; path = FeedView.swift; sourceTree = "<group>"; };
		8BA10F902C2504E500D52B52 /* FeedCell.swift */ = {isa = PBXFileReference; lastKnownFileType = sourcecode.swift; path = FeedCell.swift; sourceTree = "<group>"; };
		8BA10F922C251E3500D52B52 /* ExploreView.swift */ = {isa = PBXFileReference; lastKnownFileType = sourcecode.swift; path = ExploreView.swift; sourceTree = "<group>"; };
		8BA10F942C251FD500D52B52 /* UserCell.swift */ = {isa = PBXFileReference; lastKnownFileType = sourcecode.swift; path = UserCell.swift; sourceTree = "<group>"; };
		8BA10F962C2523A100D52B52 /* NotificationsView.swift */ = {isa = PBXFileReference; lastKnownFileType = sourcecode.swift; path = NotificationsView.swift; sourceTree = "<group>"; };
		8BA10F982C2523AC00D52B52 /* NotificationsCell.swift */ = {isa = PBXFileReference; lastKnownFileType = sourcecode.swift; path = NotificationsCell.swift; sourceTree = "<group>"; };
		8BA10F9A2C252CD700D52B52 /* PostGridView.swift */ = {isa = PBXFileReference; lastKnownFileType = sourcecode.swift; path = PostGridView.swift; sourceTree = "<group>"; };
		8BA10F9C2C252CF200D52B52 /* CurrentUserProfileView.swift */ = {isa = PBXFileReference; lastKnownFileType = sourcecode.swift; path = CurrentUserProfileView.swift; sourceTree = "<group>"; };
		8BA10F9E2C252D5A00D52B52 /* ProfileHeaderView.swift */ = {isa = PBXFileReference; lastKnownFileType = sourcecode.swift; path = ProfileHeaderView.swift; sourceTree = "<group>"; };
		8BA10FA22C25425000D52B52 /* UserStatView.swift */ = {isa = PBXFileReference; lastKnownFileType = sourcecode.swift; path = UserStatView.swift; sourceTree = "<group>"; };
		8BA10FA42C25DF1400D52B52 /* Post.swift */ = {isa = PBXFileReference; lastKnownFileType = sourcecode.swift; path = Post.swift; sourceTree = "<group>"; };
		8BA10FA92C25E5B100D52B52 /* FeedViewModel.swift */ = {isa = PBXFileReference; lastKnownFileType = sourcecode.swift; path = FeedViewModel.swift; sourceTree = "<group>"; };
		8BA10FAD2C260E0500D52B52 /* CustomVideoPlayer.swift */ = {isa = PBXFileReference; lastKnownFileType = sourcecode.swift; path = CustomVideoPlayer.swift; sourceTree = "<group>"; };
		8BA10FB42C263A5600D52B52 /* LogView.swift */ = {isa = PBXFileReference; lastKnownFileType = sourcecode.swift; path = LogView.swift; sourceTree = "<group>"; };
		8BA10FB62C263A6A00D52B52 /* RegistrationView.swift */ = {isa = PBXFileReference; lastKnownFileType = sourcecode.swift; path = RegistrationView.swift; sourceTree = "<group>"; };
		8BA10FB82C263DDE00D52B52 /* StandardTextFieldModifier.swift */ = {isa = PBXFileReference; lastKnownFileType = sourcecode.swift; path = StandardTextFieldModifier.swift; sourceTree = "<group>"; };
		8BA10FBA2C264E2300D52B52 /* AuthenticationFormProtocol.swift */ = {isa = PBXFileReference; lastKnownFileType = sourcecode.swift; path = AuthenticationFormProtocol.swift; sourceTree = "<group>"; };
		8BA10FBC2C26577100D52B52 /* GoogleService-Info.plist */ = {isa = PBXFileReference; fileEncoding = 4; lastKnownFileType = text.plist.xml; path = "GoogleService-Info.plist"; sourceTree = "<group>"; };
/* End PBXFileReference section */

/* Begin PBXFrameworksBuildPhase section */
		8BA10F682C24A52D00D52B52 /* Frameworks */ = {
			isa = PBXFrameworksBuildPhase;
			buildActionMask = 2147483647;
			files = (
				8B818B2A2C2687080074F582 /* FirebaseDatabaseSwift in Frameworks */,
				8B818B1C2C266C480074F582 /* FirebaseAppCheck in Frameworks */,
				8B818B242C2686E70074F582 /* FirebaseAuth in Frameworks */,
				8B818B2E2C26871A0074F582 /* FirebaseFirestoreSwift in Frameworks */,
				8B818B282C2687080074F582 /* FirebaseDatabase in Frameworks */,
				8B818B262C2686FC0074F582 /* FirebaseStorage in Frameworks */,
				8B818B2C2C26871A0074F582 /* FirebaseFirestore in Frameworks */,
			);
			runOnlyForDeploymentPostprocessing = 0;
		};
/* End PBXFrameworksBuildPhase section */

/* Begin PBXGroup section */
		8B818B1A2C266C080074F582 /* Frameworks */ = {
			isa = PBXGroup;
			children = (
			);
			name = Frameworks;
			sourceTree = "<group>";
		};
		8B818B372C2BCAE50074F582 /* ViewModel */ = {
			isa = PBXGroup;
			children = (
				8B818B392C2BCD480074F582 /* ExploreViewModel.swift */,
			);
			path = ViewModel;
			sourceTree = "<group>";
		};
		8B818B382C2BCAE80074F582 /* View */ = {
			isa = PBXGroup;
			children = (
				8BA10F922C251E3500D52B52 /* ExploreView.swift */,
				8BA10F942C251FD500D52B52 /* UserCell.swift */,
			);
			path = View;
			sourceTree = "<group>";
		};
		8BA10F622C24A52D00D52B52 = {
			isa = PBXGroup;
			children = (
				8BA10F6D2C24A52D00D52B52 /* TiktokGuideZac */,
				8BA10F6C2C24A52D00D52B52 /* Products */,
				8B818B1A2C266C080074F582 /* Frameworks */,
			);
			sourceTree = "<group>";
		};
		8BA10F6C2C24A52D00D52B52 /* Products */ = {
			isa = PBXGroup;
			children = (
				8BA10F6B2C24A52D00D52B52 /* TiktokGuideZac.app */,
			);
			name = Products;
			sourceTree = "<group>";
		};
		8BA10F6D2C24A52D00D52B52 /* TiktokGuideZac */ = {
			isa = PBXGroup;
			children = (
				8BA10F812C24DC0100D52B52 /* App */,
				8BA10F802C24DBFE00D52B52 /* Core */,
				8BA10F7F2C24DBE600D52B52 /* Extensions */,
				8BA10F7E2C24DBE300D52B52 /* Model */,
				8BA10F7D2C24DBE000D52B52 /* Services */,
				8BA10F7C2C24DBDD00D52B52 /* Utils */,
				8BA10F722C24A52E00D52B52 /* Assets.xcassets */,
				8BA10FBC2C26577100D52B52 /* GoogleService-Info.plist */,
				8BA10F742C24A52E00D52B52 /* Preview Content */,
			);
			path = TiktokGuideZac;
			sourceTree = "<group>";
		};
		8BA10F742C24A52E00D52B52 /* Preview Content */ = {
			isa = PBXGroup;
			children = (
				8BA10F752C24A52E00D52B52 /* Preview Assets.xcassets */,
			);
			path = "Preview Content";
			sourceTree = "<group>";
		};
		8BA10F7C2C24DBDD00D52B52 /* Utils */ = {
			isa = PBXGroup;
			children = (
				8BA10FB82C263DDE00D52B52 /* StandardTextFieldModifier.swift */,
			);
			path = Utils;
			sourceTree = "<group>";
		};
		8BA10F7D2C24DBE000D52B52 /* Services */ = {
			isa = PBXGroup;
			children = (
				8B818B332C2B2AF80074F582 /* UserService.swift */,
			);
			path = Services;
			sourceTree = "<group>";
		};
		8BA10F7E2C24DBE300D52B52 /* Model */ = {
			isa = PBXGroup;
			children = (
				8BA10FA42C25DF1400D52B52 /* Post.swift */,
				8B818B312C2B28930074F582 /* User.swift */,
			);
			path = Model;
			sourceTree = "<group>";
		};
		8BA10F7F2C24DBE600D52B52 /* Extensions */ = {
			isa = PBXGroup;
			children = (
				8B818B352C2BC74B0074F582 /* PreviewProvider.swift */,
			);
			path = Extensions;
			sourceTree = "<group>";
		};
		8BA10F802C24DBFE00D52B52 /* Core */ = {
			isa = PBXGroup;
			children = (
				8BA10F8B2C24DC6700D52B52 /* Authentication */,
				8BA10F8A2C24DC6400D52B52 /* Comments */,
				8BA10F892C24DC6200D52B52 /* Components */,
				8BA10F882C24DC5F00D52B52 /* Feed */,
				8BA10F872C24DC5C00D52B52 /* Notifications */,
				8BA10F862C24DC5900D52B52 /* Profile */,
				8BA10F852C24DC5600D52B52 /* Root */,
				8BA10F842C24DC5200D52B52 /* Search */,
				8BA10F832C24DC4F00D52B52 /* TabBar */,
				8BA10F822C24DC4D00D52B52 /* UploadingMedia */,
			);
			path = Core;
			sourceTree = "<group>";
		};
		8BA10F812C24DC0100D52B52 /* App */ = {
			isa = PBXGroup;
			children = (
				8BA10F6E2C24A52D00D52B52 /* TiktokGuideZacApp.swift */,
			);
			path = App;
			sourceTree = "<group>";
		};
		8BA10F822C24DC4D00D52B52 /* UploadingMedia */ = {
			isa = PBXGroup;
			children = (
			);
			path = UploadingMedia;
			sourceTree = "<group>";
		};
		8BA10F832C24DC4F00D52B52 /* TabBar */ = {
			isa = PBXGroup;
			children = (
				8BA10F8C2C24F3B400D52B52 /* MainTabView.swift */,
			);
			path = TabBar;
			sourceTree = "<group>";
		};
		8BA10F842C24DC5200D52B52 /* Search */ = {
			isa = PBXGroup;
			children = (
				8B818B382C2BCAE80074F582 /* View */,
				8B818B372C2BCAE50074F582 /* ViewModel */,
			);
			path = Search;
			sourceTree = "<group>";
		};
		8BA10F852C24DC5600D52B52 /* Root */ = {
			isa = PBXGroup;
			children = (
				8BA10F702C24A52D00D52B52 /* ContentView.swift */,
				8B818B2F2C268E560074F582 /* ContentViewModel.swift */,
			);
			path = Root;
			sourceTree = "<group>";
		};
		8BA10F862C24DC5900D52B52 /* Profile */ = {
			isa = PBXGroup;
			children = (
				8BA10FA12C2541F700D52B52 /* Components */,
				8BA10FA02C2541F100D52B52 /* View */,
			);
			path = Profile;
			sourceTree = "<group>";
		};
		8BA10F872C24DC5C00D52B52 /* Notifications */ = {
			isa = PBXGroup;
			children = (
				8BA10F962C2523A100D52B52 /* NotificationsView.swift */,
				8BA10F982C2523AC00D52B52 /* NotificationsCell.swift */,
			);
			path = Notifications;
			sourceTree = "<group>";
		};
		8BA10F882C24DC5F00D52B52 /* Feed */ = {
			isa = PBXGroup;
			children = (
				8BA10FA82C25DFC100D52B52 /* ViewModel */,
				8BA10FA72C25DFAE00D52B52 /* View */,
				8BA10FA62C25DFA500D52B52 /* Service */,
			);
			path = Feed;
			sourceTree = "<group>";
		};
		8BA10F892C24DC6200D52B52 /* Components */ = {
			isa = PBXGroup;
			children = (
				8BA10FAD2C260E0500D52B52 /* CustomVideoPlayer.swift */,
			);
			path = Components;
			sourceTree = "<group>";
		};
		8BA10F8A2C24DC6400D52B52 /* Comments */ = {
			isa = PBXGroup;
			children = (
			);
			path = Comments;
			sourceTree = "<group>";
		};
		8BA10F8B2C24DC6700D52B52 /* Authentication */ = {
			isa = PBXGroup;
			children = (
				8BA10FB32C263A2400D52B52 /* AuthService */,
				8BA10FB22C263A1D00D52B52 /* Protocols */,
				8BA10FB12C263A1900D52B52 /* View */,
				8BA10FB02C263A1700D52B52 /* ViewModel */,
				8BA10FAF2C263A1400D52B52 /* Model */,
			);
			path = Authentication;
			sourceTree = "<group>";
		};
		8BA10FA02C2541F100D52B52 /* View */ = {
			isa = PBXGroup;
			children = (
				8BA10F9C2C252CF200D52B52 /* CurrentUserProfileView.swift */,
				8B818B3B2C2C86210074F582 /* UserProfileView.swift */,
			);
			path = View;
			sourceTree = "<group>";
		};
		8BA10FA12C2541F700D52B52 /* Components */ = {
			isa = PBXGroup;
			children = (
				8BA10F9A2C252CD700D52B52 /* PostGridView.swift */,
				8BA10F9E2C252D5A00D52B52 /* ProfileHeaderView.swift */,
				8BA10FA22C25425000D52B52 /* UserStatView.swift */,
			);
			path = Components;
			sourceTree = "<group>";
		};
		8BA10FA62C25DFA500D52B52 /* Service */ = {
			isa = PBXGroup;
			children = (
			);
			path = Service;
			sourceTree = "<group>";
		};
		8BA10FA72C25DFAE00D52B52 /* View */ = {
			isa = PBXGroup;
			children = (
				8BA10F8E2C24FCB700D52B52 /* FeedView.swift */,
				8BA10F902C2504E500D52B52 /* FeedCell.swift */,
			);
			path = View;
			sourceTree = "<group>";
		};
		8BA10FA82C25DFC100D52B52 /* ViewModel */ = {
			isa = PBXGroup;
			children = (
				8BA10FA92C25E5B100D52B52 /* FeedViewModel.swift */,
			);
			path = ViewModel;
			sourceTree = "<group>";
		};
		8BA10FAF2C263A1400D52B52 /* Model */ = {
			isa = PBXGroup;
			children = (
			);
			path = Model;
			sourceTree = "<group>";
		};
		8BA10FB02C263A1700D52B52 /* ViewModel */ = {
			isa = PBXGroup;
			children = (
				8B818B1F2C2675820074F582 /* LoginViewModel.swift */,
				8B818B212C2677400074F582 /* RegistrationViewModel.swift */,
			);
			path = ViewModel;
			sourceTree = "<group>";
		};
		8BA10FB12C263A1900D52B52 /* View */ = {
			isa = PBXGroup;
			children = (
				8BA10FB42C263A5600D52B52 /* LogView.swift */,
				8BA10FB62C263A6A00D52B52 /* RegistrationView.swift */,
			);
			path = View;
			sourceTree = "<group>";
		};
		8BA10FB22C263A1D00D52B52 /* Protocols */ = {
			isa = PBXGroup;
			children = (
				8BA10FBA2C264E2300D52B52 /* AuthenticationFormProtocol.swift */,
			);
			path = Protocols;
			sourceTree = "<group>";
		};
		8BA10FB32C263A2400D52B52 /* AuthService */ = {
			isa = PBXGroup;
			children = (
				8B818B1D2C2674660074F582 /* AuthService.swift */,
			);
			path = AuthService;
			sourceTree = "<group>";
		};
/* End PBXGroup section */

/* Begin PBXNativeTarget section */
		8BA10F6A2C24A52D00D52B52 /* TiktokGuideZac */ = {
			isa = PBXNativeTarget;
			buildConfigurationList = 8BA10F792C24A52E00D52B52 /* Build configuration list for PBXNativeTarget "TiktokGuideZac" */;
			buildPhases = (
				8BA10F672C24A52D00D52B52 /* Sources */,
				8BA10F682C24A52D00D52B52 /* Frameworks */,
				8BA10F692C24A52D00D52B52 /* Resources */,
			);
			buildRules = (
			);
			dependencies = (
			);
			name = TiktokGuideZac;
			packageProductDependencies = (
				8B818B1B2C266C480074F582 /* FirebaseAppCheck */,
				8B818B232C2686E70074F582 /* FirebaseAuth */,
				8B818B252C2686FC0074F582 /* FirebaseStorage */,
				8B818B272C2687080074F582 /* FirebaseDatabase */,
				8B818B292C2687080074F582 /* FirebaseDatabaseSwift */,
				8B818B2B2C26871A0074F582 /* FirebaseFirestore */,
				8B818B2D2C26871A0074F582 /* FirebaseFirestoreSwift */,
			);
			productName = TiktokGuideZac;
			productReference = 8BA10F6B2C24A52D00D52B52 /* TiktokGuideZac.app */;
			productType = "com.apple.product-type.application";
		};
/* End PBXNativeTarget section */

/* Begin PBXProject section */
		8BA10F632C24A52D00D52B52 /* Project object */ = {
			isa = PBXProject;
			attributes = {
				BuildIndependentTargetsInParallel = 1;
				LastSwiftUpdateCheck = 1540;
				LastUpgradeCheck = 1540;
				TargetAttributes = {
					8BA10F6A2C24A52D00D52B52 = {
						CreatedOnToolsVersion = 15.4;
					};
				};
			};
			buildConfigurationList = 8BA10F662C24A52D00D52B52 /* Build configuration list for PBXProject "TiktokGuideZac" */;
			compatibilityVersion = "Xcode 14.0";
			developmentRegion = en;
			hasScannedForEncodings = 0;
			knownRegions = (
				en,
				Base,
			);
			mainGroup = 8BA10F622C24A52D00D52B52;
			packageReferences = (
				8BA10FBE2C266A6C00D52B52 /* XCRemoteSwiftPackageReference "firebase-ios-sdk" */,
			);
			productRefGroup = 8BA10F6C2C24A52D00D52B52 /* Products */;
			projectDirPath = "";
			projectRoot = "";
			targets = (
				8BA10F6A2C24A52D00D52B52 /* TiktokGuideZac */,
			);
		};
/* End PBXProject section */

/* Begin PBXResourcesBuildPhase section */
		8BA10F692C24A52D00D52B52 /* Resources */ = {
			isa = PBXResourcesBuildPhase;
			buildActionMask = 2147483647;
			files = (
				8BA10F762C24A52E00D52B52 /* Preview Assets.xcassets in Resources */,
				8BA10F732C24A52E00D52B52 /* Assets.xcassets in Resources */,
				8BA10FBD2C26577100D52B52 /* GoogleService-Info.plist in Resources */,
			);
			runOnlyForDeploymentPostprocessing = 0;
		};
/* End PBXResourcesBuildPhase section */

/* Begin PBXSourcesBuildPhase section */
		8BA10F672C24A52D00D52B52 /* Sources */ = {
			isa = PBXSourcesBuildPhase;
			buildActionMask = 2147483647;
			files = (
				8BA10F9D2C252CF200D52B52 /* CurrentUserProfileView.swift in Sources */,
				8BA10FAE2C260E0500D52B52 /* CustomVideoPlayer.swift in Sources */,
				8B818B202C2675820074F582 /* LoginViewModel.swift in Sources */,
				8B818B322C2B28930074F582 /* User.swift in Sources */,
				8BA10F8F2C24FCB700D52B52 /* FeedView.swift in Sources */,
				8BA10FB72C263A6A00D52B52 /* RegistrationView.swift in Sources */,
				8B818B342C2B2AF80074F582 /* UserService.swift in Sources */,
				8B818B362C2BC74B0074F582 /* PreviewProvider.swift in Sources */,
				8BA10F912C2504E500D52B52 /* FeedCell.swift in Sources */,
				8BA10FB92C263DDE00D52B52 /* StandardTextFieldModifier.swift in Sources */,
				8B818B1E2C2674660074F582 /* AuthService.swift in Sources */,
				8B818B302C268E560074F582 /* ContentViewModel.swift in Sources */,
				8BA10FA32C25425000D52B52 /* UserStatView.swift in Sources */,
				8BA10F9B2C252CD700D52B52 /* PostGridView.swift in Sources */,
				8BA10FAA2C25E5B100D52B52 /* FeedViewModel.swift in Sources */,
				8BA10FA52C25DF1400D52B52 /* Post.swift in Sources */,
				8BA10FBB2C264E2300D52B52 /* AuthenticationFormProtocol.swift in Sources */,
				8B818B222C2677400074F582 /* RegistrationViewModel.swift in Sources */,
				8BA10F712C24A52D00D52B52 /* ContentView.swift in Sources */,
				8BA10F6F2C24A52D00D52B52 /* TiktokGuideZacApp.swift in Sources */,
				8B818B3A2C2BCD480074F582 /* ExploreViewModel.swift in Sources */,
				8BA10F932C251E3500D52B52 /* ExploreView.swift in Sources */,
				8BA10F9F2C252D5A00D52B52 /* ProfileHeaderView.swift in Sources */,
				8BA10FB52C263A5600D52B52 /* LogView.swift in Sources */,
				8BA10F8D2C24F3B400D52B52 /* MainTabView.swift in Sources */,
				8B818B3C2C2C86210074F582 /* UserProfileView.swift in Sources */,
				8BA10F952C251FD500D52B52 /* UserCell.swift in Sources */,
				8BA10F992C2523AC00D52B52 /* NotificationsCell.swift in Sources */,
				8BA10F972C2523A100D52B52 /* NotificationsView.swift in Sources */,
			);
			runOnlyForDeploymentPostprocessing = 0;
		};
/* End PBXSourcesBuildPhase section */

/* Begin XCBuildConfiguration section */
		8BA10F772C24A52E00D52B52 /* Debug */ = {
			isa = XCBuildConfiguration;
			buildSettings = {
				ALWAYS_SEARCH_USER_PATHS = NO;
				ASSETCATALOG_COMPILER_GENERATE_SWIFT_ASSET_SYMBOL_EXTENSIONS = YES;
				CLANG_ANALYZER_NONNULL = YES;
				CLANG_ANALYZER_NUMBER_OBJECT_CONVERSION = YES_AGGRESSIVE;
				CLANG_CXX_LANGUAGE_STANDARD = "gnu++20";
				CLANG_ENABLE_MODULES = YES;
				CLANG_ENABLE_OBJC_ARC = YES;
				CLANG_ENABLE_OBJC_WEAK = YES;
				CLANG_WARN_BLOCK_CAPTURE_AUTORELEASING = YES;
				CLANG_WARN_BOOL_CONVERSION = YES;
				CLANG_WARN_COMMA = YES;
				CLANG_WARN_CONSTANT_CONVERSION = YES;
				CLANG_WARN_DEPRECATED_OBJC_IMPLEMENTATIONS = YES;
				CLANG_WARN_DIRECT_OBJC_ISA_USAGE = YES_ERROR;
				CLANG_WARN_DOCUMENTATION_COMMENTS = YES;
				CLANG_WARN_EMPTY_BODY = YES;
				CLANG_WARN_ENUM_CONVERSION = YES;
				CLANG_WARN_INFINITE_RECURSION = YES;
				CLANG_WARN_INT_CONVERSION = YES;
				CLANG_WARN_NON_LITERAL_NULL_CONVERSION = YES;
				CLANG_WARN_OBJC_IMPLICIT_RETAIN_SELF = YES;
				CLANG_WARN_OBJC_LITERAL_CONVERSION = YES;
				CLANG_WARN_OBJC_ROOT_CLASS = YES_ERROR;
				CLANG_WARN_QUOTED_INCLUDE_IN_FRAMEWORK_HEADER = YES;
				CLANG_WARN_RANGE_LOOP_ANALYSIS = YES;
				CLANG_WARN_STRICT_PROTOTYPES = YES;
				CLANG_WARN_SUSPICIOUS_MOVE = YES;
				CLANG_WARN_UNGUARDED_AVAILABILITY = YES_AGGRESSIVE;
				CLANG_WARN_UNREACHABLE_CODE = YES;
				CLANG_WARN__DUPLICATE_METHOD_MATCH = YES;
				COPY_PHASE_STRIP = NO;
				DEBUG_INFORMATION_FORMAT = dwarf;
				ENABLE_STRICT_OBJC_MSGSEND = YES;
				ENABLE_TESTABILITY = YES;
				ENABLE_USER_SCRIPT_SANDBOXING = YES;
				GCC_C_LANGUAGE_STANDARD = gnu17;
				GCC_DYNAMIC_NO_PIC = NO;
				GCC_NO_COMMON_BLOCKS = YES;
				GCC_OPTIMIZATION_LEVEL = 0;
				GCC_PREPROCESSOR_DEFINITIONS = (
					"DEBUG=1",
					"$(inherited)",
				);
				GCC_WARN_64_TO_32_BIT_CONVERSION = YES;
				GCC_WARN_ABOUT_RETURN_TYPE = YES_ERROR;
				GCC_WARN_UNDECLARED_SELECTOR = YES;
				GCC_WARN_UNINITIALIZED_AUTOS = YES_AGGRESSIVE;
				GCC_WARN_UNUSED_FUNCTION = YES;
				GCC_WARN_UNUSED_VARIABLE = YES;
				IPHONEOS_DEPLOYMENT_TARGET = 17.5;
				LOCALIZATION_PREFERS_STRING_CATALOGS = YES;
				MTL_ENABLE_DEBUG_INFO = INCLUDE_SOURCE;
				MTL_FAST_MATH = YES;
				ONLY_ACTIVE_ARCH = YES;
				SDKROOT = iphoneos;
				SWIFT_ACTIVE_COMPILATION_CONDITIONS = "DEBUG $(inherited)";
				SWIFT_OPTIMIZATION_LEVEL = "-Onone";
			};
			name = Debug;
		};
		8BA10F782C24A52E00D52B52 /* Release */ = {
			isa = XCBuildConfiguration;
			buildSettings = {
				ALWAYS_SEARCH_USER_PATHS = NO;
				ASSETCATALOG_COMPILER_GENERATE_SWIFT_ASSET_SYMBOL_EXTENSIONS = YES;
				CLANG_ANALYZER_NONNULL = YES;
				CLANG_ANALYZER_NUMBER_OBJECT_CONVERSION = YES_AGGRESSIVE;
				CLANG_CXX_LANGUAGE_STANDARD = "gnu++20";
				CLANG_ENABLE_MODULES = YES;
				CLANG_ENABLE_OBJC_ARC = YES;
				CLANG_ENABLE_OBJC_WEAK = YES;
				CLANG_WARN_BLOCK_CAPTURE_AUTORELEASING = YES;
				CLANG_WARN_BOOL_CONVERSION = YES;
				CLANG_WARN_COMMA = YES;
				CLANG_WARN_CONSTANT_CONVERSION = YES;
				CLANG_WARN_DEPRECATED_OBJC_IMPLEMENTATIONS = YES;
				CLANG_WARN_DIRECT_OBJC_ISA_USAGE = YES_ERROR;
				CLANG_WARN_DOCUMENTATION_COMMENTS = YES;
				CLANG_WARN_EMPTY_BODY = YES;
				CLANG_WARN_ENUM_CONVERSION = YES;
				CLANG_WARN_INFINITE_RECURSION = YES;
				CLANG_WARN_INT_CONVERSION = YES;
				CLANG_WARN_NON_LITERAL_NULL_CONVERSION = YES;
				CLANG_WARN_OBJC_IMPLICIT_RETAIN_SELF = YES;
				CLANG_WARN_OBJC_LITERAL_CONVERSION = YES;
				CLANG_WARN_OBJC_ROOT_CLASS = YES_ERROR;
				CLANG_WARN_QUOTED_INCLUDE_IN_FRAMEWORK_HEADER = YES;
				CLANG_WARN_RANGE_LOOP_ANALYSIS = YES;
				CLANG_WARN_STRICT_PROTOTYPES = YES;
				CLANG_WARN_SUSPICIOUS_MOVE = YES;
				CLANG_WARN_UNGUARDED_AVAILABILITY = YES_AGGRESSIVE;
				CLANG_WARN_UNREACHABLE_CODE = YES;
				CLANG_WARN__DUPLICATE_METHOD_MATCH = YES;
				COPY_PHASE_STRIP = NO;
				DEBUG_INFORMATION_FORMAT = "dwarf-with-dsym";
				ENABLE_NS_ASSERTIONS = NO;
				ENABLE_STRICT_OBJC_MSGSEND = YES;
				ENABLE_USER_SCRIPT_SANDBOXING = YES;
				GCC_C_LANGUAGE_STANDARD = gnu17;
				GCC_NO_COMMON_BLOCKS = YES;
				GCC_WARN_64_TO_32_BIT_CONVERSION = YES;
				GCC_WARN_ABOUT_RETURN_TYPE = YES_ERROR;
				GCC_WARN_UNDECLARED_SELECTOR = YES;
				GCC_WARN_UNINITIALIZED_AUTOS = YES_AGGRESSIVE;
				GCC_WARN_UNUSED_FUNCTION = YES;
				GCC_WARN_UNUSED_VARIABLE = YES;
				IPHONEOS_DEPLOYMENT_TARGET = 17.5;
				LOCALIZATION_PREFERS_STRING_CATALOGS = YES;
				MTL_ENABLE_DEBUG_INFO = NO;
				MTL_FAST_MATH = YES;
				SDKROOT = iphoneos;
				SWIFT_COMPILATION_MODE = wholemodule;
				VALIDATE_PRODUCT = YES;
			};
			name = Release;
		};
		8BA10F7A2C24A52E00D52B52 /* Debug */ = {
			isa = XCBuildConfiguration;
			buildSettings = {
				ASSETCATALOG_COMPILER_APPICON_NAME = AppIcon;
				ASSETCATALOG_COMPILER_GLOBAL_ACCENT_COLOR_NAME = AccentColor;
				CODE_SIGN_STYLE = Automatic;
				CURRENT_PROJECT_VERSION = 1;
				DEVELOPMENT_ASSET_PATHS = "\"TiktokGuideZac/Preview Content\"";
				DEVELOPMENT_TEAM = TX65264J97;
				ENABLE_PREVIEWS = YES;
				GENERATE_INFOPLIST_FILE = YES;
				INFOPLIST_KEY_UIApplicationSceneManifest_Generation = YES;
				INFOPLIST_KEY_UIApplicationSupportsIndirectInputEvents = YES;
				INFOPLIST_KEY_UILaunchScreen_Generation = YES;
				INFOPLIST_KEY_UISupportedInterfaceOrientations_iPad = "UIInterfaceOrientationPortrait UIInterfaceOrientationPortraitUpsideDown UIInterfaceOrientationLandscapeLeft UIInterfaceOrientationLandscapeRight";
				INFOPLIST_KEY_UISupportedInterfaceOrientations_iPhone = "UIInterfaceOrientationPortrait UIInterfaceOrientationLandscapeLeft UIInterfaceOrientationLandscapeRight";
				LD_RUNPATH_SEARCH_PATHS = (
					"$(inherited)",
					"@executable_path/Frameworks",
				);
				MARKETING_VERSION = 1.0;
				PRODUCT_BUNDLE_IDENTIFIER = com.maurzac.TiktokGuideZac;
				PRODUCT_NAME = "$(TARGET_NAME)";
				SWIFT_EMIT_LOC_STRINGS = YES;
				SWIFT_VERSION = 5.0;
				TARGETED_DEVICE_FAMILY = "1,2";
			};
			name = Debug;
		};
		8BA10F7B2C24A52E00D52B52 /* Release */ = {
			isa = XCBuildConfiguration;
			buildSettings = {
				ASSETCATALOG_COMPILER_APPICON_NAME = AppIcon;
				ASSETCATALOG_COMPILER_GLOBAL_ACCENT_COLOR_NAME = AccentColor;
				CODE_SIGN_STYLE = Automatic;
				CURRENT_PROJECT_VERSION = 1;
				DEVELOPMENT_ASSET_PATHS = "\"TiktokGuideZac/Preview Content\"";
				DEVELOPMENT_TEAM = TX65264J97;
				ENABLE_PREVIEWS = YES;
				GENERATE_INFOPLIST_FILE = YES;
				INFOPLIST_KEY_UIApplicationSceneManifest_Generation = YES;
				INFOPLIST_KEY_UIApplicationSupportsIndirectInputEvents = YES;
				INFOPLIST_KEY_UILaunchScreen_Generation = YES;
				INFOPLIST_KEY_UISupportedInterfaceOrientations_iPad = "UIInterfaceOrientationPortrait UIInterfaceOrientationPortraitUpsideDown UIInterfaceOrientationLandscapeLeft UIInterfaceOrientationLandscapeRight";
				INFOPLIST_KEY_UISupportedInterfaceOrientations_iPhone = "UIInterfaceOrientationPortrait UIInterfaceOrientationLandscapeLeft UIInterfaceOrientationLandscapeRight";
				LD_RUNPATH_SEARCH_PATHS = (
					"$(inherited)",
					"@executable_path/Frameworks",
				);
				MARKETING_VERSION = 1.0;
				PRODUCT_BUNDLE_IDENTIFIER = com.maurzac.TiktokGuideZac;
				PRODUCT_NAME = "$(TARGET_NAME)";
				SWIFT_EMIT_LOC_STRINGS = YES;
				SWIFT_VERSION = 5.0;
				TARGETED_DEVICE_FAMILY = "1,2";
			};
			name = Release;
		};
/* End XCBuildConfiguration section */

/* Begin XCConfigurationList section */
		8BA10F662C24A52D00D52B52 /* Build configuration list for PBXProject "TiktokGuideZac" */ = {
			isa = XCConfigurationList;
			buildConfigurations = (
				8BA10F772C24A52E00D52B52 /* Debug */,
				8BA10F782C24A52E00D52B52 /* Release */,
			);
			defaultConfigurationIsVisible = 0;
			defaultConfigurationName = Release;
		};
		8BA10F792C24A52E00D52B52 /* Build configuration list for PBXNativeTarget "TiktokGuideZac" */ = {
			isa = XCConfigurationList;
			buildConfigurations = (
				8BA10F7A2C24A52E00D52B52 /* Debug */,
				8BA10F7B2C24A52E00D52B52 /* Release */,
			);
			defaultConfigurationIsVisible = 0;
			defaultConfigurationName = Release;
		};
/* End XCConfigurationList section */

/* Begin XCRemoteSwiftPackageReference section */
		8BA10FBE2C266A6C00D52B52 /* XCRemoteSwiftPackageReference "firebase-ios-sdk" */ = {
			isa = XCRemoteSwiftPackageReference;
			repositoryURL = "https://github.com/firebase/firebase-ios-sdk";
			requirement = {
				kind = upToNextMajorVersion;
				minimumVersion = 10.28.0;
			};
		};
/* End XCRemoteSwiftPackageReference section */

/* Begin XCSwiftPackageProductDependency section */
		8B818B1B2C266C480074F582 /* FirebaseAppCheck */ = {
			isa = XCSwiftPackageProductDependency;
			package = 8BA10FBE2C266A6C00D52B52 /* XCRemoteSwiftPackageReference "firebase-ios-sdk" */;
			productName = FirebaseAppCheck;
		};
		8B818B232C2686E70074F582 /* FirebaseAuth */ = {
			isa = XCSwiftPackageProductDependency;
			package = 8BA10FBE2C266A6C00D52B52 /* XCRemoteSwiftPackageReference "firebase-ios-sdk" */;
			productName = FirebaseAuth;
		};
		8B818B252C2686FC0074F582 /* FirebaseStorage */ = {
			isa = XCSwiftPackageProductDependency;
			package = 8BA10FBE2C266A6C00D52B52 /* XCRemoteSwiftPackageReference "firebase-ios-sdk" */;
			productName = FirebaseStorage;
		};
		8B818B272C2687080074F582 /* FirebaseDatabase */ = {
			isa = XCSwiftPackageProductDependency;
			package = 8BA10FBE2C266A6C00D52B52 /* XCRemoteSwiftPackageReference "firebase-ios-sdk" */;
			productName = FirebaseDatabase;
		};
		8B818B292C2687080074F582 /* FirebaseDatabaseSwift */ = {
			isa = XCSwiftPackageProductDependency;
			package = 8BA10FBE2C266A6C00D52B52 /* XCRemoteSwiftPackageReference "firebase-ios-sdk" */;
			productName = FirebaseDatabaseSwift;
		};
		8B818B2B2C26871A0074F582 /* FirebaseFirestore */ = {
			isa = XCSwiftPackageProductDependency;
			package = 8BA10FBE2C266A6C00D52B52 /* XCRemoteSwiftPackageReference "firebase-ios-sdk" */;
			productName = FirebaseFirestore;
		};
		8B818B2D2C26871A0074F582 /* FirebaseFirestoreSwift */ = {
			isa = XCSwiftPackageProductDependency;
			package = 8BA10FBE2C266A6C00D52B52 /* XCRemoteSwiftPackageReference "firebase-ios-sdk" */;
			productName = FirebaseFirestoreSwift;
		};
/* End XCSwiftPackageProductDependency section */
	};
	rootObject = 8BA10F632C24A52D00D52B52 /* Project object */;
}
